
Microsoft Visual Studio Solution File, Format Version 12.00
Project("{FAE04EC0-301F-11D3-BF4B-00C04F79EFBC}") = "TheCodeKitchen.CookTemplate.Contracts", "TheCodeKitchen.CookTemplate.Contracts\TheCodeKitchen.CookTemplate.Contracts.csproj", "{4146816C-3E4E-4CC5-87EF-1477F67E11E1}"
EndProject
Project("{FAE04EC0-301F-11D3-BF4B-00C04F79EFBC}") = "TheCodeKitchen.CookTemplate.Client", "TheCodeKitchen.CookTemplate.Client\TheCodeKitchen.CookTemplate.Client.csproj", "{84B8D064-4D1E-4CC2-A2F8-8E50C2985617}"
EndProject
Global
	GlobalSection(SolutionConfigurationPlatforms) = preSolution
		Debug|Any CPU = Debug|Any CPU
		Release|Any CPU = Release|Any CPU
	EndGlobalSection
	GlobalSection(ProjectConfigurationPlatforms) = postSolution
		{4146816C-3E4E-4CC5-87EF-1477F67E11E1}.Debug|Any CPU.ActiveCfg = Debug|Any CPU
		{4146816C-3E4E-4CC5-87EF-1477F67E11E1}.Debug|Any CPU.Build.0 = Debug|Any CPU
		{4146816C-3E4E-4CC5-87EF-1477F67E11E1}.Release|Any CPU.ActiveCfg = Release|Any CPU
		{4146816C-3E4E-4CC5-87EF-1477F67E11E1}.Release|Any CPU.Build.0 = Release|Any CPU
		{84B8D064-4D1E-4CC2-A2F8-8E50C2985617}.Debug|Any CPU.ActiveCfg = Debug|Any CPU
		{84B8D064-4D1E-4CC2-A2F8-8E50C2985617}.Debug|Any CPU.Build.0 = Debug|Any CPU
		{84B8D064-4D1E-4CC2-A2F8-8E50C2985617}.Release|Any CPU.ActiveCfg = Release|Any CPU
		{84B8D064-4D1E-4CC2-A2F8-8E50C2985617}.Release|Any CPU.Build.0 = Release|Any CPU
	EndGlobalSection
EndGlobal
